
Microsoft Visual Studio Solution File, Format Version 12.00
# Visual Studio 15
VisualStudioVersion = 15.0.28010.2046
MinimumVisualStudioVersion = 10.0.40219.1
Project("{8BC9CEB8-8B4A-11D0-8D11-00A0C91BC942}") = "test_dll", "test_dll\test_dll.vcxproj", "{82956BD9-EE47-4CF4-AC43-C8C2AE9CF13F}"
EndProject
Global
	GlobalSection(SolutionConfigurationPlatforms) = preSolution
		Debug|x64 = Debug|x64
		Debug|x86 = Debug|x86
		Release|x64 = Release|x64
		Release|x86 = Release|x86
	EndGlobalSection
	GlobalSection(ProjectConfigurationPlatforms) = postSolution
		{82956BD9-EE47-4CF4-AC43-C8C2AE9CF13F}.Debug|x64.ActiveCfg = Debug|x64
		{82956BD9-EE47-4CF4-AC43-C8C2AE9CF13F}.Debug|x64.Build.0 = Debug|x64
		{82956BD9-EE47-4CF4-AC43-C8C2AE9CF13F}.Debug|x86.ActiveCfg = Debug|Win32
		{82956BD9-EE47-4CF4-AC43-C8C2AE9CF13F}.Debug|x86.Build.0 = Debug|Win32
		{82956BD9-EE47-4CF4-AC43-C8C2AE9CF13F}.Release|x64.ActiveCfg = Release|x64
		{82956BD9-EE47-4CF4-AC43-C8C2AE9CF13F}.Release|x64.Build.0 = Release|x64
		{82956BD9-EE47-4CF4-AC43-C8C2AE9CF13F}.Release|x86.ActiveCfg = Release|Win32
		{82956BD9-EE47-4CF4-AC43-C8C2AE9CF13F}.Release|x86.Build.0 = Release|Win32
	EndGlobalSection
	GlobalSection(SolutionProperties) = preSolution
		HideSolutionNode = FALSE
	EndGlobalSection
	GlobalSection(ExtensibilityGlobals) = postSolution
		SolutionGuid = {6244D9F9-1473-4B6F-AD17-5BBC829CD145}
	EndGlobalSection
EndGlobal
